
Microsoft Visual Studio Solution File, Format Version 12.00
# Visual Studio Version 17
VisualStudioVersion = 17.0.31903.59
MinimumVisualStudioVersion = 10.0.40219.1
Project("{FAE04EC0-301F-11D3-BF4B-00C04F79EFBC}") = "ApiAggregator", "ApiAggregator\ApiAggregator.csproj", "{69DE7D05-A1AC-44A4-9B56-92375F22E961}"
EndProject
Project("{FAE04EC0-301F-11D3-BF4B-00C04F79EFBC}") = "ApiAggregator.Tests", "ApiAggregator.Tests\ApiAggregator.Tests.csproj", "{452FDD3B-B739-49C0-90C5-755CB039C669}"
EndProject
Global
	GlobalSection(SolutionConfigurationPlatforms) = preSolution
		Debug|Any CPU = Debug|Any CPU
		Debug|x64 = Debug|x64
		Debug|x86 = Debug|x86
		Release|Any CPU = Release|Any CPU
		Release|x64 = Release|x64
		Release|x86 = Release|x86
	EndGlobalSection
	GlobalSection(ProjectConfigurationPlatforms) = postSolution
		{69DE7D05-A1AC-44A4-9B56-92375F22E961}.Debug|Any CPU.ActiveCfg = Debug|Any CPU
		{69DE7D05-A1AC-44A4-9B56-92375F22E961}.Debug|Any CPU.Build.0 = Debug|Any CPU
		{69DE7D05-A1AC-44A4-9B56-92375F22E961}.Debug|x64.ActiveCfg = Debug|Any CPU
		{69DE7D05-A1AC-44A4-9B56-92375F22E961}.Debug|x64.Build.0 = Debug|Any CPU
		{69DE7D05-A1AC-44A4-9B56-92375F22E961}.Debug|x86.ActiveCfg = Debug|Any CPU
		{69DE7D05-A1AC-44A4-9B56-92375F22E961}.Debug|x86.Build.0 = Debug|Any CPU
		{69DE7D05-A1AC-44A4-9B56-92375F22E961}.Release|Any CPU.ActiveCfg = Release|Any CPU
		{69DE7D05-A1AC-44A4-9B56-92375F22E961}.Release|Any CPU.Build.0 = Release|Any CPU
		{69DE7D05-A1AC-44A4-9B56-92375F22E961}.Release|x64.ActiveCfg = Release|Any CPU
		{69DE7D05-A1AC-44A4-9B56-92375F22E961}.Release|x64.Build.0 = Release|Any CPU
		{69DE7D05-A1AC-44A4-9B56-92375F22E961}.Release|x86.ActiveCfg = Release|Any CPU
		{69DE7D05-A1AC-44A4-9B56-92375F22E961}.Release|x86.Build.0 = Release|Any CPU
		{452FDD3B-B739-49C0-90C5-755CB039C669}.Debug|Any CPU.ActiveCfg = Debug|Any CPU
		{452FDD3B-B739-49C0-90C5-755CB039C669}.Debug|Any CPU.Build.0 = Debug|Any CPU
		{452FDD3B-B739-49C0-90C5-755CB039C669}.Debug|x64.ActiveCfg = Debug|Any CPU
		{452FDD3B-B739-49C0-90C5-755CB039C669}.Debug|x64.Build.0 = Debug|Any CPU
		{452FDD3B-B739-49C0-90C5-755CB039C669}.Debug|x86.ActiveCfg = Debug|Any CPU
		{452FDD3B-B739-49C0-90C5-755CB039C669}.Debug|x86.Build.0 = Debug|Any CPU
		{452FDD3B-B739-49C0-90C5-755CB039C669}.Release|Any CPU.ActiveCfg = Release|Any CPU
		{452FDD3B-B739-49C0-90C5-755CB039C669}.Release|Any CPU.Build.0 = Release|Any CPU
		{452FDD3B-B739-49C0-90C5-755CB039C669}.Release|x64.ActiveCfg = Release|Any CPU
		{452FDD3B-B739-49C0-90C5-755CB039C669}.Release|x64.Build.0 = Release|Any CPU
		{452FDD3B-B739-49C0-90C5-755CB039C669}.Release|x86.ActiveCfg = Release|Any CPU
		{452FDD3B-B739-49C0-90C5-755CB039C669}.Release|x86.Build.0 = Release|Any CPU
	EndGlobalSection
	GlobalSection(SolutionProperties) = preSolution
		HideSolutionNode = FALSE
	EndGlobalSection
EndGlobal
